
Microsoft Visual Studio Solution File, Format Version 12.00
# Visual Studio Version 16
VisualStudioVersion = 16.0.30711.63
MinimumVisualStudioVersion = 10.0.40219.1
Project("{FAE04EC0-301F-11D3-BF4B-00C04F79EFBC}") = "DocsControl", "DocsControl.csproj", "{F133995D-1229-4D8F-83C4-138FE87103CA}"
EndProject
Global
	GlobalSection(SolutionConfigurationPlatforms) = preSolution
		Debug|Any CPU = Debug|Any CPU
		Release|Any CPU = Release|Any CPU
	EndGlobalSection
	GlobalSection(ProjectConfigurationPlatforms) = postSolution
		{F133995D-1229-4D8F-83C4-138FE87103CA}.Debug|Any CPU.ActiveCfg = Debug|Any CPU
		{F133995D-1229-4D8F-83C4-138FE87103CA}.Debug|Any CPU.Build.0 = Debug|Any CPU
		{F133995D-1229-4D8F-83C4-138FE87103CA}.Release|Any CPU.ActiveCfg = Release|Any CPU
		{F133995D-1229-4D8F-83C4-138FE87103CA}.Release|Any CPU.Build.0 = Release|Any CPU
	EndGlobalSection
	GlobalSection(SolutionProperties) = preSolution
		HideSolutionNode = FALSE
	EndGlobalSection
	GlobalSection(ExtensibilityGlobals) = postSolution
		SolutionGuid = {10BA0B22-3EE0-480F-AF60-ECB2ED890739}
	EndGlobalSection
EndGlobal
